
Microsoft Visual Studio Solution File, Format Version 12.00
# Visual Studio 15
VisualStudioVersion = 15.0.28010.2016
MinimumVisualStudioVersion = 10.0.40219.1
Project("{FAE04EC0-301F-11D3-BF4B-00C04F79EFBC}") = "LinQ", "LinQ\LinQ.csproj", "{4E220471-2518-40E4-97AB-2E899974C3CB}"
EndProject
Global
	GlobalSection(SolutionConfigurationPlatforms) = preSolution
		Debug|Any CPU = Debug|Any CPU
		Release|Any CPU = Release|Any CPU
	EndGlobalSection
	GlobalSection(ProjectConfigurationPlatforms) = postSolution
		{4E220471-2518-40E4-97AB-2E899974C3CB}.Debug|Any CPU.ActiveCfg = Debug|Any CPU
		{4E220471-2518-40E4-97AB-2E899974C3CB}.Debug|Any CPU.Build.0 = Debug|Any CPU
		{4E220471-2518-40E4-97AB-2E899974C3CB}.Release|Any CPU.ActiveCfg = Release|Any CPU
		{4E220471-2518-40E4-97AB-2E899974C3CB}.Release|Any CPU.Build.0 = Release|Any CPU
	EndGlobalSection
	GlobalSection(SolutionProperties) = preSolution
		HideSolutionNode = FALSE
	EndGlobalSection
	GlobalSection(ExtensibilityGlobals) = postSolution
		SolutionGuid = {11ED1215-51E0-4C49-A2F0-CDA8F4E1AD5C}
	EndGlobalSection
EndGlobal
